
Microsoft Visual Studio Solution File, Format Version 12.00
# Visual Studio 15
VisualStudioVersion = 15.0.28010.2016
MinimumVisualStudioVersion = 10.0.40219.1
Project("{FAE04EC0-301F-11D3-BF4B-00C04F79EFBC}") = "itka", "itka\itka.csproj", "{C6FCB3DA-19B1-4A65-9F67-0C9EB75F4B2C}"
EndProject
Project("{FAE04EC0-301F-11D3-BF4B-00C04F79EFBC}") = "DataWere", "DataWere\DataWere.csproj", "{8E005A01-A785-4DA4-8FAE-F712A4A60327}"
EndProject
Global
	GlobalSection(SolutionConfigurationPlatforms) = preSolution
		Debug|Any CPU = Debug|Any CPU
		Release|Any CPU = Release|Any CPU
	EndGlobalSection
	GlobalSection(ProjectConfigurationPlatforms) = postSolution
		{C6FCB3DA-19B1-4A65-9F67-0C9EB75F4B2C}.Debug|Any CPU.ActiveCfg = Debug|Any CPU
		{C6FCB3DA-19B1-4A65-9F67-0C9EB75F4B2C}.Debug|Any CPU.Build.0 = Debug|Any CPU
		{C6FCB3DA-19B1-4A65-9F67-0C9EB75F4B2C}.Release|Any CPU.ActiveCfg = Release|Any CPU
		{C6FCB3DA-19B1-4A65-9F67-0C9EB75F4B2C}.Release|Any CPU.Build.0 = Release|Any CPU
		{8E005A01-A785-4DA4-8FAE-F712A4A60327}.Debug|Any CPU.ActiveCfg = Debug|Any CPU
		{8E005A01-A785-4DA4-8FAE-F712A4A60327}.Debug|Any CPU.Build.0 = Debug|Any CPU
		{8E005A01-A785-4DA4-8FAE-F712A4A60327}.Release|Any CPU.ActiveCfg = Release|Any CPU
		{8E005A01-A785-4DA4-8FAE-F712A4A60327}.Release|Any CPU.Build.0 = Release|Any CPU
	EndGlobalSection
	GlobalSection(SolutionProperties) = preSolution
		HideSolutionNode = FALSE
	EndGlobalSection
	GlobalSection(ExtensibilityGlobals) = postSolution
		SolutionGuid = {E6D944E4-D1B1-4099-9BA6-DB47319DC3EE}
	EndGlobalSection
EndGlobal
